
Microsoft Visual Studio Solution File, Format Version 12.00
# Visual Studio Version 17
VisualStudioVersion = 17.9.34622.214
MinimumVisualStudioVersion = 10.0.40219.1
Project("{FAE04EC0-301F-11D3-BF4B-00C04F79EFBC}") = "OsuCollector", "OsuCollector\OsuCollector.csproj", "{C9A1F1EE-24FE-4758-808B-7AC1D99E5D7E}"
EndProject
Global
	GlobalSection(SolutionConfigurationPlatforms) = preSolution
		Debug|Any CPU = Debug|Any CPU
		Release|Any CPU = Release|Any CPU
	EndGlobalSection
	GlobalSection(ProjectConfigurationPlatforms) = postSolution
		{C9A1F1EE-24FE-4758-808B-7AC1D99E5D7E}.Debug|Any CPU.ActiveCfg = Debug|Any CPU
		{C9A1F1EE-24FE-4758-808B-7AC1D99E5D7E}.Debug|Any CPU.Build.0 = Debug|Any CPU
		{C9A1F1EE-24FE-4758-808B-7AC1D99E5D7E}.Release|Any CPU.ActiveCfg = Release|Any CPU
		{C9A1F1EE-24FE-4758-808B-7AC1D99E5D7E}.Release|Any CPU.Build.0 = Release|Any CPU
	EndGlobalSection
	GlobalSection(SolutionProperties) = preSolution
		HideSolutionNode = FALSE
	EndGlobalSection
	GlobalSection(ExtensibilityGlobals) = postSolution
		SolutionGuid = {F7DC6282-1A2A-4BDA-9770-FEB21B7EFACC}
	EndGlobalSection
EndGlobal
